
Microsoft Visual Studio Solution File, Format Version 12.00
# Visual Studio Version 16
VisualStudioVersion = 16.0.30104.148
MinimumVisualStudioVersion = 10.0.40219.1
Project("{FAE04EC0-301F-11D3-BF4B-00C04F79EFBC}") = "KeysShop", "KeysShop\KeysShop.csproj", "{498A3D50-3826-46CC-AC0E-80251FBAE2DA}"
EndProject
Global
	GlobalSection(SolutionConfigurationPlatforms) = preSolution
		Debug|Any CPU = Debug|Any CPU
		Release|Any CPU = Release|Any CPU
	EndGlobalSection
	GlobalSection(ProjectConfigurationPlatforms) = postSolution
		{498A3D50-3826-46CC-AC0E-80251FBAE2DA}.Debug|Any CPU.ActiveCfg = Debug|Any CPU
		{498A3D50-3826-46CC-AC0E-80251FBAE2DA}.Debug|Any CPU.Build.0 = Debug|Any CPU
		{498A3D50-3826-46CC-AC0E-80251FBAE2DA}.Release|Any CPU.ActiveCfg = Release|Any CPU
		{498A3D50-3826-46CC-AC0E-80251FBAE2DA}.Release|Any CPU.Build.0 = Release|Any CPU
	EndGlobalSection
	GlobalSection(SolutionProperties) = preSolution
		HideSolutionNode = FALSE
	EndGlobalSection
	GlobalSection(ExtensibilityGlobals) = postSolution
		SolutionGuid = {19E0359B-6F2B-47A2-A3EC-645674E5978D}
	EndGlobalSection
EndGlobal
